// !$*UTF8*$!
{
	archiveVersion = 1;
	classes = {
	};
	objectVersion = 50;
	objects = {

/* Begin PBXBuildFile section */
		61264CA322F18FE000A73D64 /* AppDelegate.swift in Sources */ = {isa = PBXBuildFile; fileRef = 61264CA222F18FE000A73D64 /* AppDelegate.swift */; };
		61264CA522F18FE000A73D64 /* HomeViewController.swift in Sources */ = {isa = PBXBuildFile; fileRef = 61264CA422F18FE000A73D64 /* HomeViewController.swift */; };
		61264CAA22F18FE200A73D64 /* Assets.xcassets in Resources */ = {isa = PBXBuildFile; fileRef = 61264CA922F18FE200A73D64 /* Assets.xcassets */; };
		61264CAD22F18FE200A73D64 /* LaunchScreen.storyboard in Resources */ = {isa = PBXBuildFile; fileRef = 61264CAB22F18FE200A73D64 /* LaunchScreen.storyboard */; };
		61264CC322F18FE200A73D64 /* ForexAppUITests.swift in Sources */ = {isa = PBXBuildFile; fileRef = 61264CC222F18FE200A73D64 /* ForexAppUITests.swift */; };
		61264CD122F1920D00A73D64 /* SnapKit.framework in Frameworks */ = {isa = PBXBuildFile; fileRef = 61264CD022F1920D00A73D64 /* SnapKit.framework */; };
		61264CD222F1920D00A73D64 /* SnapKit.framework in Embed Frameworks */ = {isa = PBXBuildFile; fileRef = 61264CD022F1920D00A73D64 /* SnapKit.framework */; settings = {ATTRIBUTES = (CodeSignOnCopy, RemoveHeadersOnCopy, ); }; };
		61264CD822F1936000A73D64 /* CurrencyConverterViewController.swift in Sources */ = {isa = PBXBuildFile; fileRef = 61264CD722F1936000A73D64 /* CurrencyConverterViewController.swift */; };
		61264CDA22F1937A00A73D64 /* ExchangeRateViewController.swift in Sources */ = {isa = PBXBuildFile; fileRef = 61264CD922F1937A00A73D64 /* ExchangeRateViewController.swift */; };
		61264CDC22F1941000A73D64 /* CurrencyConverterResult.swift in Sources */ = {isa = PBXBuildFile; fileRef = 61264CDB22F1941000A73D64 /* CurrencyConverterResult.swift */; };
		61264CDE22F1943600A73D64 /* Query.swift in Sources */ = {isa = PBXBuildFile; fileRef = 61264CDD22F1943600A73D64 /* Query.swift */; };
		61264CE022F1944400A73D64 /* Info.swift in Sources */ = {isa = PBXBuildFile; fileRef = 61264CDF22F1944400A73D64 /* Info.swift */; };
		61264CE222F1955E00A73D64 /* CurrencyConverterViewModel.swift in Sources */ = {isa = PBXBuildFile; fileRef = 61264CE122F1955E00A73D64 /* CurrencyConverterViewModel.swift */; };
		61264CE622F1A81E00A73D64 /* ExchangeRateResult.swift in Sources */ = {isa = PBXBuildFile; fileRef = 61264CE522F1A81E00A73D64 /* ExchangeRateResult.swift */; };
		61264CE822F1AF6C00A73D64 /* ExchangeResultTableViewController.swift in Sources */ = {isa = PBXBuildFile; fileRef = 61264CE722F1AF6C00A73D64 /* ExchangeResultTableViewController.swift */; };
		61264CEA22F1AFEF00A73D64 /* DetailsTableViewCell.swift in Sources */ = {isa = PBXBuildFile; fileRef = 61264CE922F1AFEF00A73D64 /* DetailsTableViewCell.swift */; };
		61462ED222F4125200086ADD /* SupportedCurrenciesResult.swift in Sources */ = {isa = PBXBuildFile; fileRef = 61462ED122F4125200086ADD /* SupportedCurrenciesResult.swift */; };
		614D523D22FD6D39005885C6 /* ExchangeRateCoordinator.swift in Sources */ = {isa = PBXBuildFile; fileRef = 614D523C22FD6D39005885C6 /* ExchangeRateCoordinator.swift */; };
		614D523F22FD77C8005885C6 /* Coordinator.swift in Sources */ = {isa = PBXBuildFile; fileRef = 614D523E22FD77C8005885C6 /* Coordinator.swift */; };
		614D524122FD8270005885C6 /* ExchangeRateCoordinatorTests.swift in Sources */ = {isa = PBXBuildFile; fileRef = 614D524022FD8270005885C6 /* ExchangeRateCoordinatorTests.swift */; };
		616591B722F9B0180067EB64 /* HomeViewControllerTests.swift in Sources */ = {isa = PBXBuildFile; fileRef = 616591B622F9B0180067EB64 /* HomeViewControllerTests.swift */; };
		616591BB22FA82E10067EB64 /* CurrencyConverterViewControllerTests.swift in Sources */ = {isa = PBXBuildFile; fileRef = 616591BA22FA82E10067EB64 /* CurrencyConverterViewControllerTests.swift */; };
		616591C122FA9A4B0067EB64 /* ExchangeRateViewControllerTests.swift in Sources */ = {isa = PBXBuildFile; fileRef = 616591C022FA9A4B0067EB64 /* ExchangeRateViewControllerTests.swift */; };
		618FDB3822FACF67002A96C2 /* ForexAPI.swift in Sources */ = {isa = PBXBuildFile; fileRef = 618FDB3722FACF67002A96C2 /* ForexAPI.swift */; };
		618FDB3A22FAD666002A96C2 /* ExchangeRateViewModel.swift in Sources */ = {isa = PBXBuildFile; fileRef = 618FDB3922FAD666002A96C2 /* ExchangeRateViewModel.swift */; };
		618FDB3E22FADA63002A96C2 /* CurrencyCoverterViewModelTests.swift in Sources */ = {isa = PBXBuildFile; fileRef = 618FDB3D22FADA63002A96C2 /* CurrencyCoverterViewModelTests.swift */; };
		618FDB4122FADA98002A96C2 /* MockForexAPI.swift in Sources */ = {isa = PBXBuildFile; fileRef = 618FDB4022FADA98002A96C2 /* MockForexAPI.swift */; };
		618FDB4322FAE7E2002A96C2 /* ExchangeRateViewModelTests.swift in Sources */ = {isa = PBXBuildFile; fileRef = 618FDB4222FAE7E2002A96C2 /* ExchangeRateViewModelTests.swift */; };
		618FDB4622FC1AC0002A96C2 /* ForexHomeCoordinator.swift in Sources */ = {isa = PBXBuildFile; fileRef = 618FDB4522FC1AC0002A96C2 /* ForexHomeCoordinator.swift */; };
		618FDB4922FC2D74002A96C2 /* ForexHomeCoordinatorTests.swift in Sources */ = {isa = PBXBuildFile; fileRef = 618FDB4822FC2D74002A96C2 /* ForexHomeCoordinatorTests.swift */; };
/* End PBXBuildFile section */

/* Begin PBXContainerItemProxy section */
		61264CB422F18FE200A73D64 /* PBXContainerItemProxy */ = {
			isa = PBXContainerItemProxy;
			containerPortal = 61264C9722F18FE000A73D64 /* Project object */;
			proxyType = 1;
			remoteGlobalIDString = 61264C9E22F18FE000A73D64;
			remoteInfo = ForexApp;
		};
		61264CBF22F18FE200A73D64 /* PBXContainerItemProxy */ = {
			isa = PBXContainerItemProxy;
			containerPortal = 61264C9722F18FE000A73D64 /* Project object */;
			proxyType = 1;
			remoteGlobalIDString = 61264C9E22F18FE000A73D64;
			remoteInfo = ForexApp;
		};
/* End PBXContainerItemProxy section */

/* Begin PBXCopyFilesBuildPhase section */
		61264CD322F1920D00A73D64 /* Embed Frameworks */ = {
			isa = PBXCopyFilesBuildPhase;
			buildActionMask = 2147483647;
			dstPath = "";
			dstSubfolderSpec = 10;
			files = (
				61264CD222F1920D00A73D64 /* SnapKit.framework in Embed Frameworks */,
			);
			name = "Embed Frameworks";
			runOnlyForDeploymentPostprocessing = 0;
		};
/* End PBXCopyFilesBuildPhase section */

/* Begin PBXFileReference section */
		61264C9F22F18FE000A73D64 /* ForexApp.app */ = {isa = PBXFileReference; explicitFileType = wrapper.application; includeInIndex = 0; path = ForexApp.app; sourceTree = BUILT_PRODUCTS_DIR; };
		61264CA222F18FE000A73D64 /* AppDelegate.swift */ = {isa = PBXFileReference; lastKnownFileType = sourcecode.swift; path = AppDelegate.swift; sourceTree = "<group>"; };
		61264CA422F18FE000A73D64 /* HomeViewController.swift */ = {isa = PBXFileReference; lastKnownFileType = sourcecode.swift; path = HomeViewController.swift; sourceTree = "<group>"; };
		61264CA922F18FE200A73D64 /* Assets.xcassets */ = {isa = PBXFileReference; lastKnownFileType = folder.assetcatalog; path = Assets.xcassets; sourceTree = "<group>"; };
		61264CAC22F18FE200A73D64 /* Base */ = {isa = PBXFileReference; lastKnownFileType = file.storyboard; name = Base; path = Base.lproj/LaunchScreen.storyboard; sourceTree = "<group>"; };
		61264CAE22F18FE200A73D64 /* Info.plist */ = {isa = PBXFileReference; lastKnownFileType = text.plist.xml; path = Info.plist; sourceTree = "<group>"; };
		61264CB322F18FE200A73D64 /* ForexAppTests.xctest */ = {isa = PBXFileReference; explicitFileType = wrapper.cfbundle; includeInIndex = 0; path = ForexAppTests.xctest; sourceTree = BUILT_PRODUCTS_DIR; };
		61264CB922F18FE200A73D64 /* Info.plist */ = {isa = PBXFileReference; lastKnownFileType = text.plist.xml; path = Info.plist; sourceTree = "<group>"; };
		61264CBE22F18FE200A73D64 /* ForexAppUITests.xctest */ = {isa = PBXFileReference; explicitFileType = wrapper.cfbundle; includeInIndex = 0; path = ForexAppUITests.xctest; sourceTree = BUILT_PRODUCTS_DIR; };
		61264CC222F18FE200A73D64 /* ForexAppUITests.swift */ = {isa = PBXFileReference; lastKnownFileType = sourcecode.swift; path = ForexAppUITests.swift; sourceTree = "<group>"; };
		61264CC422F18FE200A73D64 /* Info.plist */ = {isa = PBXFileReference; lastKnownFileType = text.plist.xml; path = Info.plist; sourceTree = "<group>"; };
		61264CD022F1920D00A73D64 /* SnapKit.framework */ = {isa = PBXFileReference; lastKnownFileType = wrapper.framework; name = SnapKit.framework; path = Carthage/Build/iOS/SnapKit.framework; sourceTree = "<group>"; };
		61264CD722F1936000A73D64 /* CurrencyConverterViewController.swift */ = {isa = PBXFileReference; lastKnownFileType = sourcecode.swift; path = CurrencyConverterViewController.swift; sourceTree = "<group>"; };
		61264CD922F1937A00A73D64 /* ExchangeRateViewController.swift */ = {isa = PBXFileReference; lastKnownFileType = sourcecode.swift; path = ExchangeRateViewController.swift; sourceTree = "<group>"; };
		61264CDB22F1941000A73D64 /* CurrencyConverterResult.swift */ = {isa = PBXFileReference; lastKnownFileType = sourcecode.swift; path = CurrencyConverterResult.swift; sourceTree = "<group>"; };
		61264CDD22F1943600A73D64 /* Query.swift */ = {isa = PBXFileReference; lastKnownFileType = sourcecode.swift; path = Query.swift; sourceTree = "<group>"; };
		61264CDF22F1944400A73D64 /* Info.swift */ = {isa = PBXFileReference; lastKnownFileType = sourcecode.swift; path = Info.swift; sourceTree = "<group>"; };
		61264CE122F1955E00A73D64 /* CurrencyConverterViewModel.swift */ = {isa = PBXFileReference; lastKnownFileType = sourcecode.swift; path = CurrencyConverterViewModel.swift; sourceTree = "<group>"; };
		61264CE522F1A81E00A73D64 /* ExchangeRateResult.swift */ = {isa = PBXFileReference; lastKnownFileType = sourcecode.swift; path = ExchangeRateResult.swift; sourceTree = "<group>"; };
		61264CE722F1AF6C00A73D64 /* ExchangeResultTableViewController.swift */ = {isa = PBXFileReference; lastKnownFileType = sourcecode.swift; path = ExchangeResultTableViewController.swift; sourceTree = "<group>"; };
		61264CE922F1AFEF00A73D64 /* DetailsTableViewCell.swift */ = {isa = PBXFileReference; lastKnownFileType = sourcecode.swift; path = DetailsTableViewCell.swift; sourceTree = "<group>"; };
		61462ED122F4125200086ADD /* SupportedCurrenciesResult.swift */ = {isa = PBXFileReference; lastKnownFileType = sourcecode.swift; path = SupportedCurrenciesResult.swift; sourceTree = "<group>"; };
		614D523C22FD6D39005885C6 /* ExchangeRateCoordinator.swift */ = {isa = PBXFileReference; lastKnownFileType = sourcecode.swift; path = ExchangeRateCoordinator.swift; sourceTree = "<group>"; };
		614D523E22FD77C8005885C6 /* Coordinator.swift */ = {isa = PBXFileReference; lastKnownFileType = sourcecode.swift; path = Coordinator.swift; sourceTree = "<group>"; };
		614D524022FD8270005885C6 /* ExchangeRateCoordinatorTests.swift */ = {isa = PBXFileReference; lastKnownFileType = sourcecode.swift; path = ExchangeRateCoordinatorTests.swift; sourceTree = "<group>"; };
		616591B622F9B0180067EB64 /* HomeViewControllerTests.swift */ = {isa = PBXFileReference; lastKnownFileType = sourcecode.swift; path = HomeViewControllerTests.swift; sourceTree = "<group>"; };
		616591BA22FA82E10067EB64 /* CurrencyConverterViewControllerTests.swift */ = {isa = PBXFileReference; lastKnownFileType = sourcecode.swift; path = CurrencyConverterViewControllerTests.swift; sourceTree = "<group>"; };
		616591C022FA9A4B0067EB64 /* ExchangeRateViewControllerTests.swift */ = {isa = PBXFileReference; lastKnownFileType = sourcecode.swift; path = ExchangeRateViewControllerTests.swift; sourceTree = "<group>"; };
		618FDB3722FACF67002A96C2 /* ForexAPI.swift */ = {isa = PBXFileReference; lastKnownFileType = sourcecode.swift; path = ForexAPI.swift; sourceTree = "<group>"; };
		618FDB3922FAD666002A96C2 /* ExchangeRateViewModel.swift */ = {isa = PBXFileReference; lastKnownFileType = sourcecode.swift; path = ExchangeRateViewModel.swift; sourceTree = "<group>"; };
		618FDB3D22FADA63002A96C2 /* CurrencyCoverterViewModelTests.swift */ = {isa = PBXFileReference; lastKnownFileType = sourcecode.swift; path = CurrencyCoverterViewModelTests.swift; sourceTree = "<group>"; };
		618FDB4022FADA98002A96C2 /* MockForexAPI.swift */ = {isa = PBXFileReference; lastKnownFileType = sourcecode.swift; path = MockForexAPI.swift; sourceTree = "<group>"; };
		618FDB4222FAE7E2002A96C2 /* ExchangeRateViewModelTests.swift */ = {isa = PBXFileReference; lastKnownFileType = sourcecode.swift; path = ExchangeRateViewModelTests.swift; sourceTree = "<group>"; };
		618FDB4522FC1AC0002A96C2 /* ForexHomeCoordinator.swift */ = {isa = PBXFileReference; lastKnownFileType = sourcecode.swift; path = ForexHomeCoordinator.swift; sourceTree = "<group>"; };
		618FDB4822FC2D74002A96C2 /* ForexHomeCoordinatorTests.swift */ = {isa = PBXFileReference; lastKnownFileType = sourcecode.swift; path = ForexHomeCoordinatorTests.swift; sourceTree = "<group>"; };
/* End PBXFileReference section */

/* Begin PBXFrameworksBuildPhase section */
		61264C9C22F18FE000A73D64 /* Frameworks */ = {
			isa = PBXFrameworksBuildPhase;
			buildActionMask = 2147483647;
			files = (
				61264CD122F1920D00A73D64 /* SnapKit.framework in Frameworks */,
			);
			runOnlyForDeploymentPostprocessing = 0;
		};
		61264CB022F18FE200A73D64 /* Frameworks */ = {
			isa = PBXFrameworksBuildPhase;
			buildActionMask = 2147483647;
			files = (
			);
			runOnlyForDeploymentPostprocessing = 0;
		};
		61264CBB22F18FE200A73D64 /* Frameworks */ = {
			isa = PBXFrameworksBuildPhase;
			buildActionMask = 2147483647;
			files = (
			);
			runOnlyForDeploymentPostprocessing = 0;
		};
/* End PBXFrameworksBuildPhase section */

/* Begin PBXGroup section */
		61264C9622F18FE000A73D64 = {
			isa = PBXGroup;
			children = (
				61264CD022F1920D00A73D64 /* SnapKit.framework */,
				61264CA122F18FE000A73D64 /* ForexApp */,
				61264CB622F18FE200A73D64 /* ForexAppTests */,
				61264CC122F18FE200A73D64 /* ForexAppUITests */,
				61264CA022F18FE000A73D64 /* Products */,
			);
			sourceTree = "<group>";
		};
		61264CA022F18FE000A73D64 /* Products */ = {
			isa = PBXGroup;
			children = (
				61264C9F22F18FE000A73D64 /* ForexApp.app */,
				61264CB322F18FE200A73D64 /* ForexAppTests.xctest */,
				61264CBE22F18FE200A73D64 /* ForexAppUITests.xctest */,
			);
			name = Products;
			sourceTree = "<group>";
		};
		61264CA122F18FE000A73D64 /* ForexApp */ = {
			isa = PBXGroup;
			children = (
				614D524422FD96BE005885C6 /* Common */,
				614D524222FD9684005885C6 /* CurrencyConverter */,
				614D524322FD969C005885C6 /* ExchangeRateCalculator */,
				61264CA222F18FE000A73D64 /* AppDelegate.swift */,
				61264CA922F18FE200A73D64 /* Assets.xcassets */,
				61264CAB22F18FE200A73D64 /* LaunchScreen.storyboard */,
				61264CAE22F18FE200A73D64 /* Info.plist */,
			);
			path = ForexApp;
			sourceTree = "<group>";
		};
		61264CB622F18FE200A73D64 /* ForexAppTests */ = {
			isa = PBXGroup;
			children = (
				618FDB3F22FADA81002A96C2 /* Mocks */,
				618FDB3C22FADA28002A96C2 /* ViewModelTests */,
				618FDB4722FC2D42002A96C2 /* CoordinatorTests */,
				618FDB3B22FADA1D002A96C2 /* ControllerTests */,
				61264CB922F18FE200A73D64 /* Info.plist */,
			);
			path = ForexAppTests;
			sourceTree = "<group>";
		};
		61264CC122F18FE200A73D64 /* ForexAppUITests */ = {
			isa = PBXGroup;
			children = (
				61264CC222F18FE200A73D64 /* ForexAppUITests.swift */,
				61264CC422F18FE200A73D64 /* Info.plist */,
			);
			path = ForexAppUITests;
			sourceTree = "<group>";
		};
		61264CD422F192D300A73D64 /* Models */ = {
			isa = PBXGroup;
			children = (
				61264CDB22F1941000A73D64 /* CurrencyConverterResult.swift */,
				61264CDD22F1943600A73D64 /* Query.swift */,
				61264CDF22F1944400A73D64 /* Info.swift */,
				61462ED122F4125200086ADD /* SupportedCurrenciesResult.swift */,
			);
			path = Models;
			sourceTree = "<group>";
		};
		614D524222FD9684005885C6 /* CurrencyConverter */ = {
			isa = PBXGroup;
			children = (
				614D535522FDA55A005885C6 /* ViewModels */,
				614D535422FDA548005885C6 /* Views */,
				61264CD422F192D300A73D64 /* Models */,
			);
			path = CurrencyConverter;
			sourceTree = "<group>";
		};
		614D524322FD969C005885C6 /* ExchangeRateCalculator */ = {
			isa = PBXGroup;
			children = (
				614D535822FDA579005885C6 /* Coordinators */,
				614D535722FDA56E005885C6 /* ViewModels */,
				614D535622FDA567005885C6 /* Views */,
				614D524522FD97B1005885C6 /* Models */,
			);
			path = ExchangeRateCalculator;
			sourceTree = "<group>";
		};
		614D524422FD96BE005885C6 /* Common */ = {
			isa = PBXGroup;
			children = (
				614D535322FDA529005885C6 /* API */,
				614D535222FDA51D005885C6 /* Coordinates */,
				614D535022FDA4F5005885C6 /* Views */,
			);
			path = Common;
			sourceTree = "<group>";
		};
		614D524522FD97B1005885C6 /* Models */ = {
			isa = PBXGroup;
			children = (
				61264CE522F1A81E00A73D64 /* ExchangeRateResult.swift */,
			);
			path = Models;
			sourceTree = "<group>";
		};
		614D535022FDA4F5005885C6 /* Views */ = {
			isa = PBXGroup;
			children = (
				61264CA422F18FE000A73D64 /* HomeViewController.swift */,
			);
			path = Views;
			sourceTree = "<group>";
		};
		614D535222FDA51D005885C6 /* Coordinates */ = {
			isa = PBXGroup;
			children = (
				614D523E22FD77C8005885C6 /* Coordinator.swift */,
				618FDB4522FC1AC0002A96C2 /* ForexHomeCoordinator.swift */,
			);
			path = Coordinates;
			sourceTree = "<group>";
		};
		614D535322FDA529005885C6 /* API */ = {
			isa = PBXGroup;
			children = (
				618FDB3722FACF67002A96C2 /* ForexAPI.swift */,
			);
			path = API;
			sourceTree = "<group>";
		};
		614D535422FDA548005885C6 /* Views */ = {
			isa = PBXGroup;
			children = (
				61264CD722F1936000A73D64 /* CurrencyConverterViewController.swift */,
			);
			path = Views;
			sourceTree = "<group>";
		};
		614D535522FDA55A005885C6 /* ViewModels */ = {
			isa = PBXGroup;
			children = (
				61264CE122F1955E00A73D64 /* CurrencyConverterViewModel.swift */,
			);
			path = ViewModels;
			sourceTree = "<group>";
		};
		614D535622FDA567005885C6 /* Views */ = {
			isa = PBXGroup;
			children = (
				61264CD922F1937A00A73D64 /* ExchangeRateViewController.swift */,
				61264CE722F1AF6C00A73D64 /* ExchangeResultTableViewController.swift */,
				61264CE922F1AFEF00A73D64 /* DetailsTableViewCell.swift */,
			);
			path = Views;
			sourceTree = "<group>";
		};
		614D535722FDA56E005885C6 /* ViewModels */ = {
			isa = PBXGroup;
			children = (
				618FDB3922FAD666002A96C2 /* ExchangeRateViewModel.swift */,
			);
			path = ViewModels;
			sourceTree = "<group>";
		};
		614D535822FDA579005885C6 /* Coordinators */ = {
			isa = PBXGroup;
			children = (
				614D523C22FD6D39005885C6 /* ExchangeRateCoordinator.swift */,
			);
			path = Coordinators;
			sourceTree = "<group>";
		};
		618FDB3B22FADA1D002A96C2 /* ControllerTests */ = {
			isa = PBXGroup;
			children = (
				616591B622F9B0180067EB64 /* HomeViewControllerTests.swift */,
				616591BA22FA82E10067EB64 /* CurrencyConverterViewControllerTests.swift */,
				616591C022FA9A4B0067EB64 /* ExchangeRateViewControllerTests.swift */,
			);
			path = ControllerTests;
			sourceTree = "<group>";
		};
		618FDB3C22FADA28002A96C2 /* ViewModelTests */ = {
			isa = PBXGroup;
			children = (
				618FDB3D22FADA63002A96C2 /* CurrencyCoverterViewModelTests.swift */,
				618FDB4222FAE7E2002A96C2 /* ExchangeRateViewModelTests.swift */,
			);
			path = ViewModelTests;
			sourceTree = "<group>";
		};
		618FDB3F22FADA81002A96C2 /* Mocks */ = {
			isa = PBXGroup;
			children = (
				618FDB4022FADA98002A96C2 /* MockForexAPI.swift */,
			);
			path = Mocks;
			sourceTree = "<group>";
		};
		618FDB4722FC2D42002A96C2 /* CoordinatorTests */ = {
			isa = PBXGroup;
			children = (
				618FDB4822FC2D74002A96C2 /* ForexHomeCoordinatorTests.swift */,
				614D524022FD8270005885C6 /* ExchangeRateCoordinatorTests.swift */,
			);
			path = CoordinatorTests;
			sourceTree = "<group>";
		};
/* End PBXGroup section */

/* Begin PBXNativeTarget section */
		61264C9E22F18FE000A73D64 /* ForexApp */ = {
			isa = PBXNativeTarget;
			buildConfigurationList = 61264CC722F18FE200A73D64 /* Build configuration list for PBXNativeTarget "ForexApp" */;
			buildPhases = (
				61264C9B22F18FE000A73D64 /* Sources */,
				61264C9C22F18FE000A73D64 /* Frameworks */,
				61264C9D22F18FE000A73D64 /* Resources */,
				61264CD322F1920D00A73D64 /* Embed Frameworks */,
			);
			buildRules = (
			);
			dependencies = (
			);
			name = ForexApp;
			productName = ForexApp;
			productReference = 61264C9F22F18FE000A73D64 /* ForexApp.app */;
			productType = "com.apple.product-type.application";
		};
		61264CB222F18FE200A73D64 /* ForexAppTests */ = {
			isa = PBXNativeTarget;
			buildConfigurationList = 61264CCA22F18FE200A73D64 /* Build configuration list for PBXNativeTarget "ForexAppTests" */;
			buildPhases = (
				61264CAF22F18FE200A73D64 /* Sources */,
				61264CB022F18FE200A73D64 /* Frameworks */,
				61264CB122F18FE200A73D64 /* Resources */,
			);
			buildRules = (
			);
			dependencies = (
				61264CB522F18FE200A73D64 /* PBXTargetDependency */,
			);
			name = ForexAppTests;
			productName = ForexAppTests;
			productReference = 61264CB322F18FE200A73D64 /* ForexAppTests.xctest */;
			productType = "com.apple.product-type.bundle.unit-test";
		};
		61264CBD22F18FE200A73D64 /* ForexAppUITests */ = {
			isa = PBXNativeTarget;
			buildConfigurationList = 61264CCD22F18FE200A73D64 /* Build configuration list for PBXNativeTarget "ForexAppUITests" */;
			buildPhases = (
				61264CBA22F18FE200A73D64 /* Sources */,
				61264CBB22F18FE200A73D64 /* Frameworks */,
				61264CBC22F18FE200A73D64 /* Resources */,
			);
			buildRules = (
			);
			dependencies = (
				61264CC022F18FE200A73D64 /* PBXTargetDependency */,
			);
			name = ForexAppUITests;
			productName = ForexAppUITests;
			productReference = 61264CBE22F18FE200A73D64 /* ForexAppUITests.xctest */;
			productType = "com.apple.product-type.bundle.ui-testing";
		};
/* End PBXNativeTarget section */

/* Begin PBXProject section */
		61264C9722F18FE000A73D64 /* Project object */ = {
			isa = PBXProject;
			attributes = {
				LastSwiftUpdateCheck = 1020;
				LastUpgradeCheck = 1020;
				ORGANIZATIONNAME = "Ford Labs";
				TargetAttributes = {
					61264C9E22F18FE000A73D64 = {
						CreatedOnToolsVersion = 10.2.1;
					};
					61264CB222F18FE200A73D64 = {
						CreatedOnToolsVersion = 10.2.1;
						LastSwiftMigration = 1020;
						TestTargetID = 61264C9E22F18FE000A73D64;
					};
					61264CBD22F18FE200A73D64 = {
						CreatedOnToolsVersion = 10.2.1;
						TestTargetID = 61264C9E22F18FE000A73D64;
					};
				};
			};
			buildConfigurationList = 61264C9A22F18FE000A73D64 /* Build configuration list for PBXProject "ForexApp" */;
			compatibilityVersion = "Xcode 9.3";
			developmentRegion = en;
			hasScannedForEncodings = 0;
			knownRegions = (
				en,
				Base,
			);
			mainGroup = 61264C9622F18FE000A73D64;
			productRefGroup = 61264CA022F18FE000A73D64 /* Products */;
			projectDirPath = "";
			projectRoot = "";
			targets = (
				61264C9E22F18FE000A73D64 /* ForexApp */,
				61264CB222F18FE200A73D64 /* ForexAppTests */,
				61264CBD22F18FE200A73D64 /* ForexAppUITests */,
			);
		};
/* End PBXProject section */

/* Begin PBXResourcesBuildPhase section */
		61264C9D22F18FE000A73D64 /* Resources */ = {
			isa = PBXResourcesBuildPhase;
			buildActionMask = 2147483647;
			files = (
				61264CAD22F18FE200A73D64 /* LaunchScreen.storyboard in Resources */,
				61264CAA22F18FE200A73D64 /* Assets.xcassets in Resources */,
			);
			runOnlyForDeploymentPostprocessing = 0;
		};
		61264CB122F18FE200A73D64 /* Resources */ = {
			isa = PBXResourcesBuildPhase;
			buildActionMask = 2147483647;
			files = (
			);
			runOnlyForDeploymentPostprocessing = 0;
		};
		61264CBC22F18FE200A73D64 /* Resources */ = {
			isa = PBXResourcesBuildPhase;
			buildActionMask = 2147483647;
			files = (
			);
			runOnlyForDeploymentPostprocessing = 0;
		};
/* End PBXResourcesBuildPhase section */

/* Begin PBXSourcesBuildPhase section */
		61264C9B22F18FE000A73D64 /* Sources */ = {
			isa = PBXSourcesBuildPhase;
			buildActionMask = 2147483647;
			files = (
				61264CDC22F1941000A73D64 /* CurrencyConverterResult.swift in Sources */,
				61264CD822F1936000A73D64 /* CurrencyConverterViewController.swift in Sources */,
				61462ED222F4125200086ADD /* SupportedCurrenciesResult.swift in Sources */,
				61264CA522F18FE000A73D64 /* HomeViewController.swift in Sources */,
				61264CE622F1A81E00A73D64 /* ExchangeRateResult.swift in Sources */,
				618FDB4622FC1AC0002A96C2 /* ForexHomeCoordinator.swift in Sources */,
				61264CDA22F1937A00A73D64 /* ExchangeRateViewController.swift in Sources */,
				61264CEA22F1AFEF00A73D64 /* DetailsTableViewCell.swift in Sources */,
				61264CE222F1955E00A73D64 /* CurrencyConverterViewModel.swift in Sources */,
				61264CDE22F1943600A73D64 /* Query.swift in Sources */,
				614D523F22FD77C8005885C6 /* Coordinator.swift in Sources */,
				61264CA322F18FE000A73D64 /* AppDelegate.swift in Sources */,
				614D523D22FD6D39005885C6 /* ExchangeRateCoordinator.swift in Sources */,
				618FDB3822FACF67002A96C2 /* ForexAPI.swift in Sources */,
				618FDB3A22FAD666002A96C2 /* ExchangeRateViewModel.swift in Sources */,
				61264CE022F1944400A73D64 /* Info.swift in Sources */,
				61264CE822F1AF6C00A73D64 /* ExchangeResultTableViewController.swift in Sources */,
			);
			runOnlyForDeploymentPostprocessing = 0;
		};
		61264CAF22F18FE200A73D64 /* Sources */ = {
			isa = PBXSourcesBuildPhase;
			buildActionMask = 2147483647;
			files = (
				616591C122FA9A4B0067EB64 /* ExchangeRateViewControllerTests.swift in Sources */,
				616591BB22FA82E10067EB64 /* CurrencyConverterViewControllerTests.swift in Sources */,
				618FDB4322FAE7E2002A96C2 /* ExchangeRateViewModelTests.swift in Sources */,
				616591B722F9B0180067EB64 /* HomeViewControllerTests.swift in Sources */,
				618FDB4922FC2D74002A96C2 /* ForexHomeCoordinatorTests.swift in Sources */,
				618FDB3E22FADA63002A96C2 /* CurrencyCoverterViewModelTests.swift in Sources */,
				618FDB4122FADA98002A96C2 /* MockForexAPI.swift in Sources */,
				614D524122FD8270005885C6 /* ExchangeRateCoordinatorTests.swift in Sources */,
			);
			runOnlyForDeploymentPostprocessing = 0;
		};
		61264CBA22F18FE200A73D64 /* Sources */ = {
			isa = PBXSourcesBuildPhase;
			buildActionMask = 2147483647;
			files = (
				61264CC322F18FE200A73D64 /* ForexAppUITests.swift in Sources */,
			);
			runOnlyForDeploymentPostprocessing = 0;
		};
/* End PBXSourcesBuildPhase section */

/* Begin PBXTargetDependency section */
		61264CB522F18FE200A73D64 /* PBXTargetDependency */ = {
			isa = PBXTargetDependency;
			target = 61264C9E22F18FE000A73D64 /* ForexApp */;
			targetProxy = 61264CB422F18FE200A73D64 /* PBXContainerItemProxy */;
		};
		61264CC022F18FE200A73D64 /* PBXTargetDependency */ = {
			isa = PBXTargetDependency;
			target = 61264C9E22F18FE000A73D64 /* ForexApp */;
			targetProxy = 61264CBF22F18FE200A73D64 /* PBXContainerItemProxy */;
		};
/* End PBXTargetDependency section */

/* Begin PBXVariantGroup section */
		61264CAB22F18FE200A73D64 /* LaunchScreen.storyboard */ = {
			isa = PBXVariantGroup;
			children = (
				61264CAC22F18FE200A73D64 /* Base */,
			);
			name = LaunchScreen.storyboard;
			sourceTree = "<group>";
		};
/* End PBXVariantGroup section */

/* Begin XCBuildConfiguration section */
		61264CC522F18FE200A73D64 /* Debug */ = {
			isa = XCBuildConfiguration;
			buildSettings = {
				ALWAYS_SEARCH_USER_PATHS = NO;
				CLANG_ANALYZER_NONNULL = YES;
				CLANG_ANALYZER_NUMBER_OBJECT_CONVERSION = YES_AGGRESSIVE;
				CLANG_CXX_LANGUAGE_STANDARD = "gnu++14";
				CLANG_CXX_LIBRARY = "libc++";
				CLANG_ENABLE_MODULES = YES;
				CLANG_ENABLE_OBJC_ARC = YES;
				CLANG_ENABLE_OBJC_WEAK = YES;
				CLANG_WARN_BLOCK_CAPTURE_AUTORELEASING = YES;
				CLANG_WARN_BOOL_CONVERSION = YES;
				CLANG_WARN_COMMA = YES;
				CLANG_WARN_CONSTANT_CONVERSION = YES;
				CLANG_WARN_DEPRECATED_OBJC_IMPLEMENTATIONS = YES;
				CLANG_WARN_DIRECT_OBJC_ISA_USAGE = YES_ERROR;
				CLANG_WARN_DOCUMENTATION_COMMENTS = YES;
				CLANG_WARN_EMPTY_BODY = YES;
				CLANG_WARN_ENUM_CONVERSION = YES;
				CLANG_WARN_INFINITE_RECURSION = YES;
				CLANG_WARN_INT_CONVERSION = YES;
				CLANG_WARN_NON_LITERAL_NULL_CONVERSION = YES;
				CLANG_WARN_OBJC_IMPLICIT_RETAIN_SELF = YES;
				CLANG_WARN_OBJC_LITERAL_CONVERSION = YES;
				CLANG_WARN_OBJC_ROOT_CLASS = YES_ERROR;
				CLANG_WARN_RANGE_LOOP_ANALYSIS = YES;
				CLANG_WARN_STRICT_PROTOTYPES = YES;
				CLANG_WARN_SUSPICIOUS_MOVE = YES;
				CLANG_WARN_UNGUARDED_AVAILABILITY = YES_AGGRESSIVE;
				CLANG_WARN_UNREACHABLE_CODE = YES;
				CLANG_WARN__DUPLICATE_METHOD_MATCH = YES;
				CODE_SIGN_IDENTITY = "iPhone Developer";
				COPY_PHASE_STRIP = NO;
				DEBUG_INFORMATION_FORMAT = dwarf;
				ENABLE_STRICT_OBJC_MSGSEND = YES;
				ENABLE_TESTABILITY = YES;
				GCC_C_LANGUAGE_STANDARD = gnu11;
				GCC_DYNAMIC_NO_PIC = NO;
				GCC_NO_COMMON_BLOCKS = YES;
				GCC_OPTIMIZATION_LEVEL = 0;
				GCC_PREPROCESSOR_DEFINITIONS = (
					"DEBUG=1",
					"$(inherited)",
				);
				GCC_WARN_64_TO_32_BIT_CONVERSION = YES;
				GCC_WARN_ABOUT_RETURN_TYPE = YES_ERROR;
				GCC_WARN_UNDECLARED_SELECTOR = YES;
				GCC_WARN_UNINITIALIZED_AUTOS = YES_AGGRESSIVE;
				GCC_WARN_UNUSED_FUNCTION = YES;
				GCC_WARN_UNUSED_VARIABLE = YES;
				IPHONEOS_DEPLOYMENT_TARGET = 12.2;
				MTL_ENABLE_DEBUG_INFO = INCLUDE_SOURCE;
				MTL_FAST_MATH = YES;
				ONLY_ACTIVE_ARCH = YES;
				SDKROOT = iphoneos;
				SWIFT_ACTIVE_COMPILATION_CONDITIONS = DEBUG;
				SWIFT_OPTIMIZATION_LEVEL = "-Onone";
			};
			name = Debug;
		};
		61264CC622F18FE200A73D64 /* Release */ = {
			isa = XCBuildConfiguration;
			buildSettings = {
				ALWAYS_SEARCH_USER_PATHS = NO;
				CLANG_ANALYZER_NONNULL = YES;
				CLANG_ANALYZER_NUMBER_OBJECT_CONVERSION = YES_AGGRESSIVE;
				CLANG_CXX_LANGUAGE_STANDARD = "gnu++14";
				CLANG_CXX_LIBRARY = "libc++";
				CLANG_ENABLE_MODULES = YES;
				CLANG_ENABLE_OBJC_ARC = YES;
				CLANG_ENABLE_OBJC_WEAK = YES;
				CLANG_WARN_BLOCK_CAPTURE_AUTORELEASING = YES;
				CLANG_WARN_BOOL_CONVERSION = YES;
				CLANG_WARN_COMMA = YES;
				CLANG_WARN_CONSTANT_CONVERSION = YES;
				CLANG_WARN_DEPRECATED_OBJC_IMPLEMENTATIONS = YES;
				CLANG_WARN_DIRECT_OBJC_ISA_USAGE = YES_ERROR;
				CLANG_WARN_DOCUMENTATION_COMMENTS = YES;
				CLANG_WARN_EMPTY_BODY = YES;
				CLANG_WARN_ENUM_CONVERSION = YES;
				CLANG_WARN_INFINITE_RECURSION = YES;
				CLANG_WARN_INT_CONVERSION = YES;
				CLANG_WARN_NON_LITERAL_NULL_CONVERSION = YES;
				CLANG_WARN_OBJC_IMPLICIT_RETAIN_SELF = YES;
				CLANG_WARN_OBJC_LITERAL_CONVERSION = YES;
				CLANG_WARN_OBJC_ROOT_CLASS = YES_ERROR;
				CLANG_WARN_RANGE_LOOP_ANALYSIS = YES;
				CLANG_WARN_STRICT_PROTOTYPES = YES;
				CLANG_WARN_SUSPICIOUS_MOVE = YES;
				CLANG_WARN_UNGUARDED_AVAILABILITY = YES_AGGRESSIVE;
				CLANG_WARN_UNREACHABLE_CODE = YES;
				CLANG_WARN__DUPLICATE_METHOD_MATCH = YES;
				CODE_SIGN_IDENTITY = "iPhone Developer";
				COPY_PHASE_STRIP = NO;
				DEBUG_INFORMATION_FORMAT = "dwarf-with-dsym";
				ENABLE_NS_ASSERTIONS = NO;
				ENABLE_STRICT_OBJC_MSGSEND = YES;
				GCC_C_LANGUAGE_STANDARD = gnu11;
				GCC_NO_COMMON_BLOCKS = YES;
				GCC_WARN_64_TO_32_BIT_CONVERSION = YES;
				GCC_WARN_ABOUT_RETURN_TYPE = YES_ERROR;
				GCC_WARN_UNDECLARED_SELECTOR = YES;
				GCC_WARN_UNINITIALIZED_AUTOS = YES_AGGRESSIVE;
				GCC_WARN_UNUSED_FUNCTION = YES;
				GCC_WARN_UNUSED_VARIABLE = YES;
				IPHONEOS_DEPLOYMENT_TARGET = 12.2;
				MTL_ENABLE_DEBUG_INFO = NO;
				MTL_FAST_MATH = YES;
				SDKROOT = iphoneos;
				SWIFT_COMPILATION_MODE = wholemodule;
				SWIFT_OPTIMIZATION_LEVEL = "-O";
				VALIDATE_PRODUCT = YES;
			};
			name = Release;
		};
		61264CC822F18FE200A73D64 /* Debug */ = {
			isa = XCBuildConfiguration;
			buildSettings = {
				ASSETCATALOG_COMPILER_APPICON_NAME = AppIcon;
				CODE_SIGN_STYLE = Automatic;
				DEVELOPMENT_TEAM = 6STTB54X7G;
				FRAMEWORK_SEARCH_PATHS = (
					"$(inherited)",
					"$(PROJECT_DIR)/Carthage/Build/iOS",
				);
				INFOPLIST_FILE = ForexApp/Info.plist;
				LD_RUNPATH_SEARCH_PATHS = (
					"$(inherited)",
					"@executable_path/Frameworks",
				);
				PRODUCT_BUNDLE_IDENTIFIER = com.rajiv.lochan;
				PRODUCT_NAME = "$(TARGET_NAME)";
				SWIFT_VERSION = 5.0;
				TARGETED_DEVICE_FAMILY = "1,2";
			};
			name = Debug;
		};
		61264CC922F18FE200A73D64 /* Release */ = {
			isa = XCBuildConfiguration;
			buildSettings = {
				ASSETCATALOG_COMPILER_APPICON_NAME = AppIcon;
				CODE_SIGN_STYLE = Automatic;
				DEVELOPMENT_TEAM = 6STTB54X7G;
				FRAMEWORK_SEARCH_PATHS = (
					"$(inherited)",
					"$(PROJECT_DIR)/Carthage/Build/iOS",
				);
				INFOPLIST_FILE = ForexApp/Info.plist;
				LD_RUNPATH_SEARCH_PATHS = (
					"$(inherited)",
					"@executable_path/Frameworks",
				);
				PRODUCT_BUNDLE_IDENTIFIER = com.rajiv.lochan;
				PRODUCT_NAME = "$(TARGET_NAME)";
				SWIFT_VERSION = 5.0;
				TARGETED_DEVICE_FAMILY = "1,2";
			};
			name = Release;
		};
		61264CCB22F18FE200A73D64 /* Debug */ = {
			isa = XCBuildConfiguration;
			buildSettings = {
				ALWAYS_EMBED_SWIFT_STANDARD_LIBRARIES = YES;
				BUNDLE_LOADER = "$(TEST_HOST)";
				CLANG_ENABLE_MODULES = YES;
				CODE_SIGN_STYLE = Automatic;
				INFOPLIST_FILE = ForexAppTests/Info.plist;
				LD_RUNPATH_SEARCH_PATHS = (
					"$(inherited)",
					"@executable_path/Frameworks",
					"@loader_path/Frameworks",
				);
				PRODUCT_BUNDLE_IDENTIFIER = f.ForexAppTests;
				PRODUCT_NAME = "$(TARGET_NAME)";
				SWIFT_OPTIMIZATION_LEVEL = "-Onone";
				SWIFT_VERSION = 5.0;
				TARGETED_DEVICE_FAMILY = "1,2";
				TEST_HOST = "$(BUILT_PRODUCTS_DIR)/ForexApp.app/ForexApp";
			};
			name = Debug;
		};
		61264CCC22F18FE200A73D64 /* Release */ = {
			isa = XCBuildConfiguration;
			buildSettings = {
				ALWAYS_EMBED_SWIFT_STANDARD_LIBRARIES = YES;
				BUNDLE_LOADER = "$(TEST_HOST)";
				CLANG_ENABLE_MODULES = YES;
				CODE_SIGN_STYLE = Automatic;
				INFOPLIST_FILE = ForexAppTests/Info.plist;
				LD_RUNPATH_SEARCH_PATHS = (
					"$(inherited)",
					"@executable_path/Frameworks",
					"@loader_path/Frameworks",
				);
				PRODUCT_BUNDLE_IDENTIFIER = f.ForexAppTests;
				PRODUCT_NAME = "$(TARGET_NAME)";
				SWIFT_VERSION = 5.0;
				TARGETED_DEVICE_FAMILY = "1,2";
				TEST_HOST = "$(BUILT_PRODUCTS_DIR)/ForexApp.app/ForexApp";
			};
			name = Release;
		};
		61264CCE22F18FE200A73D64 /* Debug */ = {
			isa = XCBuildConfiguration;
			buildSettings = {
				ALWAYS_EMBED_SWIFT_STANDARD_LIBRARIES = YES;
				CODE_SIGN_STYLE = Automatic;
				INFOPLIST_FILE = ForexAppUITests/Info.plist;
				LD_RUNPATH_SEARCH_PATHS = (
					"$(inherited)",
					"@executable_path/Frameworks",
					"@loader_path/Frameworks",
				);
				PRODUCT_BUNDLE_IDENTIFIER = f.ForexAppUITests;
				PRODUCT_NAME = "$(TARGET_NAME)";
				SWIFT_VERSION = 5.0;
				TARGETED_DEVICE_FAMILY = "1,2";
				TEST_TARGET_NAME = ForexApp;
			};
			name = Debug;
		};
		61264CCF22F18FE200A73D64 /* Release */ = {
			isa = XCBuildConfiguration;
			buildSettings = {
				ALWAYS_EMBED_SWIFT_STANDARD_LIBRARIES = YES;
				CODE_SIGN_STYLE = Automatic;
				INFOPLIST_FILE = ForexAppUITests/Info.plist;
				LD_RUNPATH_SEARCH_PATHS = (
					"$(inherited)",
					"@executable_path/Frameworks",
					"@loader_path/Frameworks",
				);
				PRODUCT_BUNDLE_IDENTIFIER = f.ForexAppUITests;
				PRODUCT_NAME = "$(TARGET_NAME)";
				SWIFT_VERSION = 5.0;
				TARGETED_DEVICE_FAMILY = "1,2";
				TEST_TARGET_NAME = ForexApp;
			};
			name = Release;
		};
/* End XCBuildConfiguration section */

/* Begin XCConfigurationList section */
		61264C9A22F18FE000A73D64 /* Build configuration list for PBXProject "ForexApp" */ = {
			isa = XCConfigurationList;
			buildConfigurations = (
				61264CC522F18FE200A73D64 /* Debug */,
				61264CC622F18FE200A73D64 /* Release */,
			);
			defaultConfigurationIsVisible = 0;
			defaultConfigurationName = Release;
		};
		61264CC722F18FE200A73D64 /* Build configuration list for PBXNativeTarget "ForexApp" */ = {
			isa = XCConfigurationList;
			buildConfigurations = (
				61264CC822F18FE200A73D64 /* Debug */,
				61264CC922F18FE200A73D64 /* Release */,
			);
			defaultConfigurationIsVisible = 0;
			defaultConfigurationName = Release;
		};
		61264CCA22F18FE200A73D64 /* Build configuration list for PBXNativeTarget "ForexAppTests" */ = {
			isa = XCConfigurationList;
			buildConfigurations = (
				61264CCB22F18FE200A73D64 /* Debug */,
				61264CCC22F18FE200A73D64 /* Release */,
			);
			defaultConfigurationIsVisible = 0;
			defaultConfigurationName = Release;
		};
		61264CCD22F18FE200A73D64 /* Build configuration list for PBXNativeTarget "ForexAppUITests" */ = {
			isa = XCConfigurationList;
			buildConfigurations = (
				61264CCE22F18FE200A73D64 /* Debug */,
				61264CCF22F18FE200A73D64 /* Release */,
			);
			defaultConfigurationIsVisible = 0;
			defaultConfigurationName = Release;
		};
/* End XCConfigurationList section */
	};
	rootObject = 61264C9722F18FE000A73D64 /* Project object */;
}
